
Microsoft Visual Studio Solution File, Format Version 12.00
# Visual Studio Version 17
VisualStudioVersion = 17.11.35327.3
MinimumVisualStudioVersion = 10.0.40219.1
Project("{9A19103F-16F7-4668-BE54-9A1E7A4F7556}") = "lab12-17_2025_siaod", "lab12-17_2025_siaod\lab12-17_2025_siaod.csproj", "{BA5D1F03-681D-443B-9E41-E7EB98EBDD8F}"
EndProject
Global
	GlobalSection(SolutionConfigurationPlatforms) = preSolution
		Debug|Any CPU = Debug|Any CPU
		Release|Any CPU = Release|Any CPU
	EndGlobalSection
	GlobalSection(ProjectConfigurationPlatforms) = postSolution
		{BA5D1F03-681D-443B-9E41-E7EB98EBDD8F}.Debug|Any CPU.ActiveCfg = Debug|Any CPU
		{BA5D1F03-681D-443B-9E41-E7EB98EBDD8F}.Debug|Any CPU.Build.0 = Debug|Any CPU
		{BA5D1F03-681D-443B-9E41-E7EB98EBDD8F}.Release|Any CPU.ActiveCfg = Release|Any CPU
		{BA5D1F03-681D-443B-9E41-E7EB98EBDD8F}.Release|Any CPU.Build.0 = Release|Any CPU
	EndGlobalSection
	GlobalSection(SolutionProperties) = preSolution
		HideSolutionNode = FALSE
	EndGlobalSection
	GlobalSection(ExtensibilityGlobals) = postSolution
		SolutionGuid = {7A636F2F-A708-4FD7-8918-8C8C1BD9D2D8}
	EndGlobalSection
EndGlobal
